
Microsoft Visual Studio Solution File, Format Version 12.00
# Visual Studio Version 17
VisualStudioVersion = 17.6.33829.357
MinimumVisualStudioVersion = 10.0.40219.1
Project("{FAE04EC0-301F-11D3-BF4B-00C04F79EFBC}") = "MultiplayerGamesProgramming", "MultiplayerGamesProgramming\MultiplayerGamesProgramming.csproj", "{43BB2A96-3468-4519-8ECA-1EF02D79415F}"
EndProject
Project("{FAE04EC0-301F-11D3-BF4B-00C04F79EFBC}") = "Server", "Server\Server.csproj", "{F10399F0-E2D6-4E9E-8629-33B55451ECEA}"
EndProject
Global
	GlobalSection(SolutionConfigurationPlatforms) = preSolution
		Debug|Any CPU = Debug|Any CPU
		Release|Any CPU = Release|Any CPU
	EndGlobalSection
	GlobalSection(ProjectConfigurationPlatforms) = postSolution
		{43BB2A96-3468-4519-8ECA-1EF02D79415F}.Debug|Any CPU.ActiveCfg = Debug|Any CPU
		{43BB2A96-3468-4519-8ECA-1EF02D79415F}.Debug|Any CPU.Build.0 = Debug|Any CPU
		{43BB2A96-3468-4519-8ECA-1EF02D79415F}.Release|Any CPU.ActiveCfg = Release|Any CPU
		{43BB2A96-3468-4519-8ECA-1EF02D79415F}.Release|Any CPU.Build.0 = Release|Any CPU
		{F10399F0-E2D6-4E9E-8629-33B55451ECEA}.Debug|Any CPU.ActiveCfg = Debug|Any CPU
		{F10399F0-E2D6-4E9E-8629-33B55451ECEA}.Debug|Any CPU.Build.0 = Debug|Any CPU
		{F10399F0-E2D6-4E9E-8629-33B55451ECEA}.Release|Any CPU.ActiveCfg = Release|Any CPU
		{F10399F0-E2D6-4E9E-8629-33B55451ECEA}.Release|Any CPU.Build.0 = Release|Any CPU
	EndGlobalSection
	GlobalSection(SolutionProperties) = preSolution
		HideSolutionNode = FALSE
	EndGlobalSection
	GlobalSection(ExtensibilityGlobals) = postSolution
		SolutionGuid = {0C6B365E-D2CF-4EBB-9808-085C1B87027E}
	EndGlobalSection
EndGlobal
